
Microsoft Visual Studio Solution File, Format Version 12.00
# Visual Studio Version 17
VisualStudioVersion = 17.2.32630.192
MinimumVisualStudioVersion = 10.0.40219.1
Project("{9A19103F-16F7-4668-BE54-9A1E7A4F7556}") = "SolarCoffee.Data", "SolarCoffee.Data\SolarCoffee.Data.csproj", "{86D16AAA-17E8-4C78-B76E-9EFF60E9560D}"
EndProject
Project("{9A19103F-16F7-4668-BE54-9A1E7A4F7556}") = "SolarCoffee.Services", "SolarCoffee.Services\SolarCoffee.Services.csproj", "{9EEC0C06-CD7E-400A-916E-665FC97ADF87}"
EndProject
Project("{9A19103F-16F7-4668-BE54-9A1E7A4F7556}") = "SolarCoffee.Tests", "SolarCoffee.Tests\SolarCoffee.Tests.csproj", "{664BE10F-DF9F-42A5-AB3F-C167580358EE}"
EndProject
Project("{9A19103F-16F7-4668-BE54-9A1E7A4F7556}") = "SolarCoffee.Web", "SolarCoffee.Web\SolarCoffee.Web.csproj", "{7F195DFE-2B55-4B23-87CD-A1AD6799245D}"
EndProject
Global
	GlobalSection(SolutionConfigurationPlatforms) = preSolution
		Debug|Any CPU = Debug|Any CPU
		Release|Any CPU = Release|Any CPU
	EndGlobalSection
	GlobalSection(ProjectConfigurationPlatforms) = postSolution
		{86D16AAA-17E8-4C78-B76E-9EFF60E9560D}.Debug|Any CPU.ActiveCfg = Debug|Any CPU
		{86D16AAA-17E8-4C78-B76E-9EFF60E9560D}.Debug|Any CPU.Build.0 = Debug|Any CPU
		{86D16AAA-17E8-4C78-B76E-9EFF60E9560D}.Release|Any CPU.ActiveCfg = Release|Any CPU
		{86D16AAA-17E8-4C78-B76E-9EFF60E9560D}.Release|Any CPU.Build.0 = Release|Any CPU
		{9EEC0C06-CD7E-400A-916E-665FC97ADF87}.Debug|Any CPU.ActiveCfg = Debug|Any CPU
		{9EEC0C06-CD7E-400A-916E-665FC97ADF87}.Debug|Any CPU.Build.0 = Debug|Any CPU
		{9EEC0C06-CD7E-400A-916E-665FC97ADF87}.Release|Any CPU.ActiveCfg = Release|Any CPU
		{9EEC0C06-CD7E-400A-916E-665FC97ADF87}.Release|Any CPU.Build.0 = Release|Any CPU
		{664BE10F-DF9F-42A5-AB3F-C167580358EE}.Debug|Any CPU.ActiveCfg = Debug|Any CPU
		{664BE10F-DF9F-42A5-AB3F-C167580358EE}.Debug|Any CPU.Build.0 = Debug|Any CPU
		{664BE10F-DF9F-42A5-AB3F-C167580358EE}.Release|Any CPU.ActiveCfg = Release|Any CPU
		{664BE10F-DF9F-42A5-AB3F-C167580358EE}.Release|Any CPU.Build.0 = Release|Any CPU
		{7F195DFE-2B55-4B23-87CD-A1AD6799245D}.Debug|Any CPU.ActiveCfg = Debug|Any CPU
		{7F195DFE-2B55-4B23-87CD-A1AD6799245D}.Debug|Any CPU.Build.0 = Debug|Any CPU
		{7F195DFE-2B55-4B23-87CD-A1AD6799245D}.Release|Any CPU.ActiveCfg = Release|Any CPU
		{7F195DFE-2B55-4B23-87CD-A1AD6799245D}.Release|Any CPU.Build.0 = Release|Any CPU
	EndGlobalSection
	GlobalSection(SolutionProperties) = preSolution
		HideSolutionNode = FALSE
	EndGlobalSection
	GlobalSection(ExtensibilityGlobals) = postSolution
		SolutionGuid = {E0C4A833-BE2C-4B4C-8435-4B64C2D4CDCC}
	EndGlobalSection
EndGlobal
